
Microsoft Visual Studio Solution File, Format Version 12.00
# Visual Studio Version 17
VisualStudioVersion = 17.10.34607.79
MinimumVisualStudioVersion = 10.0.40219.1
Project("{FAE04EC0-301F-11D3-BF4B-00C04F79EFBC}") = "MainFolder", "MainFolder\MainFolder.csproj", "{09589C16-AF05-4A41-AFCF-22112478DAC7}"
EndProject
Project("{FAE04EC0-301F-11D3-BF4B-00C04F79EFBC}") = "HelloWorld", "HelloWorld\HelloWorld.csproj", "{F4C67335-B04F-44AC-BFE3-8EA9765682DC}"
EndProject
Project("{FAE04EC0-301F-11D3-BF4B-00C04F79EFBC}") = "ConsoleApp1", "ConsoleApp1\ConsoleApp1.csproj", "{3327F624-51E3-4471-8406-A30B43691645}"
EndProject
Project("{FAE04EC0-301F-11D3-BF4B-00C04F79EFBC}") = "array_indexing", "array_indexing\array_indexing.csproj", "{3DED86EE-B016-474A-BCF1-A8943366D230}"
EndProject
Project("{FAE04EC0-301F-11D3-BF4B-00C04F79EFBC}") = "plusOverLoading", "plusOverLoading\plusOverLoading.csproj", "{6FFB986A-1BC1-4DB9-9E16-D1C6BC580899}"
EndProject
Project("{FAE04EC0-301F-11D3-BF4B-00C04F79EFBC}") = "student", "student\student.csproj", "{5F5B71F6-DC92-4D86-A86A-40DB1AF9E6FD}"
EndProject
Project("{FAE04EC0-301F-11D3-BF4B-00C04F79EFBC}") = "comparisonOverloading", "comparisonOverloading\comparisonOverloading.csproj", "{4A7D82A7-0F86-460F-BC0F-CC7DADB6A5C1}"
EndProject
Project("{FAE04EC0-301F-11D3-BF4B-00C04F79EFBC}") = "addOverloading", "addOverloading\addOverloading.csproj", "{BFD813DD-FD8B-4F95-86C4-50F50469795D}"
EndProject
Project("{FAE04EC0-301F-11D3-BF4B-00C04F79EFBC}") = "SubSum", "SubSum\SubSum.csproj", "{B5D76B88-5EE5-4B14-8A90-57981194CED0}"
EndProject
Project("{FAE04EC0-301F-11D3-BF4B-00C04F79EFBC}") = "useAssamply", "useAssamply\useAssamply.csproj", "{F2628AEA-206E-4A32-9D87-FF274ADCA1CF}"
EndProject
Project("{FAE04EC0-301F-11D3-BF4B-00C04F79EFBC}") = "ServerApplication", "ServerApplication\ServerApplication.csproj", "{3E560C64-E4E9-4A4B-85E6-BFEC038185A4}"
EndProject
Project("{FAE04EC0-301F-11D3-BF4B-00C04F79EFBC}") = "ClientSocket", "ClientSocket\ClientSocket.csproj", "{CE7EA8C9-1762-4776-9ABB-9CA2ED80D51E}"
EndProject
Project("{FAE04EC0-301F-11D3-BF4B-00C04F79EFBC}") = "WindowsFormsApp2", "WindowsFormsApp2\WindowsFormsApp2.csproj", "{CC2FB36D-17C8-4B7B-9BE2-C382557D72B6}"
EndProject
Project("{FAE04EC0-301F-11D3-BF4B-00C04F79EFBC}") = "serverConnection", "serverConnection\serverConnection.csproj", "{074D4ECF-6BED-40DB-AA57-C621F25D073E}"
EndProject
Project("{FAE04EC0-301F-11D3-BF4B-00C04F79EFBC}") = "XmlPro11", "XmlPro11\XmlPro11.csproj", "{6662A829-EF8E-498C-AFE2-B142761EEE54}"
EndProject
Project("{FAE04EC0-301F-11D3-BF4B-00C04F79EFBC}") = "MLDOTNET", "MLDOTNET\MLDOTNET.csproj", "{5A1E39AC-5D31-4D53-8DE2-017D3AFB2DC8}"
EndProject
Global
	GlobalSection(SolutionConfigurationPlatforms) = preSolution
		Debug|Any CPU = Debug|Any CPU
		Release|Any CPU = Release|Any CPU
	EndGlobalSection
	GlobalSection(ProjectConfigurationPlatforms) = postSolution
		{09589C16-AF05-4A41-AFCF-22112478DAC7}.Debug|Any CPU.ActiveCfg = Debug|Any CPU
		{09589C16-AF05-4A41-AFCF-22112478DAC7}.Debug|Any CPU.Build.0 = Debug|Any CPU
		{09589C16-AF05-4A41-AFCF-22112478DAC7}.Release|Any CPU.ActiveCfg = Release|Any CPU
		{09589C16-AF05-4A41-AFCF-22112478DAC7}.Release|Any CPU.Build.0 = Release|Any CPU
		{F4C67335-B04F-44AC-BFE3-8EA9765682DC}.Debug|Any CPU.ActiveCfg = Debug|Any CPU
		{F4C67335-B04F-44AC-BFE3-8EA9765682DC}.Debug|Any CPU.Build.0 = Debug|Any CPU
		{F4C67335-B04F-44AC-BFE3-8EA9765682DC}.Release|Any CPU.ActiveCfg = Release|Any CPU
		{F4C67335-B04F-44AC-BFE3-8EA9765682DC}.Release|Any CPU.Build.0 = Release|Any CPU
		{3327F624-51E3-4471-8406-A30B43691645}.Debug|Any CPU.ActiveCfg = Debug|Any CPU
		{3327F624-51E3-4471-8406-A30B43691645}.Debug|Any CPU.Build.0 = Debug|Any CPU
		{3327F624-51E3-4471-8406-A30B43691645}.Release|Any CPU.ActiveCfg = Release|Any CPU
		{3327F624-51E3-4471-8406-A30B43691645}.Release|Any CPU.Build.0 = Release|Any CPU
		{3DED86EE-B016-474A-BCF1-A8943366D230}.Debug|Any CPU.ActiveCfg = Debug|Any CPU
		{3DED86EE-B016-474A-BCF1-A8943366D230}.Debug|Any CPU.Build.0 = Debug|Any CPU
		{3DED86EE-B016-474A-BCF1-A8943366D230}.Release|Any CPU.ActiveCfg = Release|Any CPU
		{3DED86EE-B016-474A-BCF1-A8943366D230}.Release|Any CPU.Build.0 = Release|Any CPU
		{6FFB986A-1BC1-4DB9-9E16-D1C6BC580899}.Debug|Any CPU.ActiveCfg = Debug|Any CPU
		{6FFB986A-1BC1-4DB9-9E16-D1C6BC580899}.Debug|Any CPU.Build.0 = Debug|Any CPU
		{6FFB986A-1BC1-4DB9-9E16-D1C6BC580899}.Release|Any CPU.ActiveCfg = Release|Any CPU
		{6FFB986A-1BC1-4DB9-9E16-D1C6BC580899}.Release|Any CPU.Build.0 = Release|Any CPU
		{5F5B71F6-DC92-4D86-A86A-40DB1AF9E6FD}.Debug|Any CPU.ActiveCfg = Debug|Any CPU
		{5F5B71F6-DC92-4D86-A86A-40DB1AF9E6FD}.Debug|Any CPU.Build.0 = Debug|Any CPU
		{5F5B71F6-DC92-4D86-A86A-40DB1AF9E6FD}.Release|Any CPU.ActiveCfg = Release|Any CPU
		{5F5B71F6-DC92-4D86-A86A-40DB1AF9E6FD}.Release|Any CPU.Build.0 = Release|Any CPU
		{4A7D82A7-0F86-460F-BC0F-CC7DADB6A5C1}.Debug|Any CPU.ActiveCfg = Debug|Any CPU
		{4A7D82A7-0F86-460F-BC0F-CC7DADB6A5C1}.Debug|Any CPU.Build.0 = Debug|Any CPU
		{4A7D82A7-0F86-460F-BC0F-CC7DADB6A5C1}.Release|Any CPU.ActiveCfg = Release|Any CPU
		{4A7D82A7-0F86-460F-BC0F-CC7DADB6A5C1}.Release|Any CPU.Build.0 = Release|Any CPU
		{BFD813DD-FD8B-4F95-86C4-50F50469795D}.Debug|Any CPU.ActiveCfg = Debug|Any CPU
		{BFD813DD-FD8B-4F95-86C4-50F50469795D}.Debug|Any CPU.Build.0 = Debug|Any CPU
		{BFD813DD-FD8B-4F95-86C4-50F50469795D}.Release|Any CPU.ActiveCfg = Release|Any CPU
		{BFD813DD-FD8B-4F95-86C4-50F50469795D}.Release|Any CPU.Build.0 = Release|Any CPU
		{B5D76B88-5EE5-4B14-8A90-57981194CED0}.Debug|Any CPU.ActiveCfg = Debug|Any CPU
		{B5D76B88-5EE5-4B14-8A90-57981194CED0}.Debug|Any CPU.Build.0 = Debug|Any CPU
		{B5D76B88-5EE5-4B14-8A90-57981194CED0}.Release|Any CPU.ActiveCfg = Release|Any CPU
		{B5D76B88-5EE5-4B14-8A90-57981194CED0}.Release|Any CPU.Build.0 = Release|Any CPU
		{F2628AEA-206E-4A32-9D87-FF274ADCA1CF}.Debug|Any CPU.ActiveCfg = Debug|Any CPU
		{F2628AEA-206E-4A32-9D87-FF274ADCA1CF}.Debug|Any CPU.Build.0 = Debug|Any CPU
		{F2628AEA-206E-4A32-9D87-FF274ADCA1CF}.Release|Any CPU.ActiveCfg = Release|Any CPU
		{F2628AEA-206E-4A32-9D87-FF274ADCA1CF}.Release|Any CPU.Build.0 = Release|Any CPU
		{3E560C64-E4E9-4A4B-85E6-BFEC038185A4}.Debug|Any CPU.ActiveCfg = Debug|Any CPU
		{3E560C64-E4E9-4A4B-85E6-BFEC038185A4}.Debug|Any CPU.Build.0 = Debug|Any CPU
		{3E560C64-E4E9-4A4B-85E6-BFEC038185A4}.Release|Any CPU.ActiveCfg = Release|Any CPU
		{3E560C64-E4E9-4A4B-85E6-BFEC038185A4}.Release|Any CPU.Build.0 = Release|Any CPU
		{CE7EA8C9-1762-4776-9ABB-9CA2ED80D51E}.Debug|Any CPU.ActiveCfg = Debug|Any CPU
		{CE7EA8C9-1762-4776-9ABB-9CA2ED80D51E}.Debug|Any CPU.Build.0 = Debug|Any CPU
		{CE7EA8C9-1762-4776-9ABB-9CA2ED80D51E}.Release|Any CPU.ActiveCfg = Release|Any CPU
		{CE7EA8C9-1762-4776-9ABB-9CA2ED80D51E}.Release|Any CPU.Build.0 = Release|Any CPU
		{CC2FB36D-17C8-4B7B-9BE2-C382557D72B6}.Debug|Any CPU.ActiveCfg = Debug|Any CPU
		{CC2FB36D-17C8-4B7B-9BE2-C382557D72B6}.Debug|Any CPU.Build.0 = Debug|Any CPU
		{CC2FB36D-17C8-4B7B-9BE2-C382557D72B6}.Release|Any CPU.ActiveCfg = Release|Any CPU
		{CC2FB36D-17C8-4B7B-9BE2-C382557D72B6}.Release|Any CPU.Build.0 = Release|Any CPU
		{074D4ECF-6BED-40DB-AA57-C621F25D073E}.Debug|Any CPU.ActiveCfg = Debug|Any CPU
		{074D4ECF-6BED-40DB-AA57-C621F25D073E}.Debug|Any CPU.Build.0 = Debug|Any CPU
		{074D4ECF-6BED-40DB-AA57-C621F25D073E}.Release|Any CPU.ActiveCfg = Release|Any CPU
		{074D4ECF-6BED-40DB-AA57-C621F25D073E}.Release|Any CPU.Build.0 = Release|Any CPU
		{6662A829-EF8E-498C-AFE2-B142761EEE54}.Debug|Any CPU.ActiveCfg = Debug|Any CPU
		{6662A829-EF8E-498C-AFE2-B142761EEE54}.Debug|Any CPU.Build.0 = Debug|Any CPU
		{6662A829-EF8E-498C-AFE2-B142761EEE54}.Release|Any CPU.ActiveCfg = Release|Any CPU
		{6662A829-EF8E-498C-AFE2-B142761EEE54}.Release|Any CPU.Build.0 = Release|Any CPU
		{5A1E39AC-5D31-4D53-8DE2-017D3AFB2DC8}.Debug|Any CPU.ActiveCfg = Debug|Any CPU
		{5A1E39AC-5D31-4D53-8DE2-017D3AFB2DC8}.Debug|Any CPU.Build.0 = Debug|Any CPU
		{5A1E39AC-5D31-4D53-8DE2-017D3AFB2DC8}.Release|Any CPU.ActiveCfg = Release|Any CPU
		{5A1E39AC-5D31-4D53-8DE2-017D3AFB2DC8}.Release|Any CPU.Build.0 = Release|Any CPU
	EndGlobalSection
	GlobalSection(SolutionProperties) = preSolution
		HideSolutionNode = FALSE
	EndGlobalSection
	GlobalSection(ExtensibilityGlobals) = postSolution
		SolutionGuid = {0BA97304-CA82-46BC-A6A3-B6928EDD14F2}
	EndGlobalSection
EndGlobal
